
Microsoft Visual Studio Solution File, Format Version 12.00
# Visual Studio 15
VisualStudioVersion = 15.0.27130.2010
MinimumVisualStudioVersion = 10.0.40219.1
Project("{FAE04EC0-301F-11D3-BF4B-00C04F79EFBC}") = "colorGame", "colorGame\colorGame.csproj", "{E08BFDE0-FD19-4FFA-A3C4-080710755C2C}"
EndProject
Global
	GlobalSection(SolutionConfigurationPlatforms) = preSolution
		Debug|Any CPU = Debug|Any CPU
		Release|Any CPU = Release|Any CPU
	EndGlobalSection
	GlobalSection(ProjectConfigurationPlatforms) = postSolution
		{E08BFDE0-FD19-4FFA-A3C4-080710755C2C}.Debug|Any CPU.ActiveCfg = Debug|Any CPU
		{E08BFDE0-FD19-4FFA-A3C4-080710755C2C}.Debug|Any CPU.Build.0 = Debug|Any CPU
		{E08BFDE0-FD19-4FFA-A3C4-080710755C2C}.Release|Any CPU.ActiveCfg = Release|Any CPU
		{E08BFDE0-FD19-4FFA-A3C4-080710755C2C}.Release|Any CPU.Build.0 = Release|Any CPU
	EndGlobalSection
	GlobalSection(SolutionProperties) = preSolution
		HideSolutionNode = FALSE
	EndGlobalSection
	GlobalSection(ExtensibilityGlobals) = postSolution
		SolutionGuid = {906B79CC-64BF-4539-B5F1-78D42B48C96F}
	EndGlobalSection
EndGlobal
